github.com/Masterminds/semver v1.5.0 h1:H65muMkzWKEuNDnfl9d70GUjFniHKHRbFPGBuZ3QEww=
github.com/Masterminds/semver v1.5.0/go.mod h1:MB6lktGJrhw8PrUyiEoblNEGEQ+RzHPF078ddwwvV3Y=
github.com/google/go-containerregistry v0.14.0 h1:z58vMqHxuwvAsVwvKEkmVBz2TlgBgH5k6koEXBtlYkw=
github.com/google/go-containerregistry v0.14.0/go.mod h1:aiJ2fp/SXvkWgmYHioXnbMdlgB8eXiiYOY55gfN91Wk=
github.com/opencontainers/go-digest v1.0.0 h1:apOUWs51W5PlhuyGyz9FCeeBIOUDA/6nW8Oi/yOhh5U=
github.com/opencontainers/go-digest v1.0.0/go.mod h1:0JzlMkj0TRzQZfJkVvzbP0HBR3IKzErnv2BNG4W4MAM=
